
Microsoft Visual Studio Solution File, Format Version 12.00
# Visual Studio 14
VisualStudioVersion = 14.0.25420.1
MinimumVisualStudioVersion = 10.0.40219.1
Project("{FAE04EC0-301F-11D3-BF4B-00C04F79EFBC}") = "ChainOfResponsibility", "ChainOfResponsibility\ChainOfResponsibility.csproj", "{083684F3-F753-49C9-9C00-D9154776C7A8}"
EndProject
Project("{FAE04EC0-301F-11D3-BF4B-00C04F79EFBC}") = "RealWorldCode", "RealWorldCode\RealWorldCode.csproj", "{A86D9A7B-3597-41A3-B079-3309139EB6DC}"
EndProject
Global
	GlobalSection(SolutionConfigurationPlatforms) = preSolution
		Debug|Any CPU = Debug|Any CPU
		Release|Any CPU = Release|Any CPU
	EndGlobalSection
	GlobalSection(ProjectConfigurationPlatforms) = postSolution
		{083684F3-F753-49C9-9C00-D9154776C7A8}.Debug|Any CPU.ActiveCfg = Debug|Any CPU
		{083684F3-F753-49C9-9C00-D9154776C7A8}.Debug|Any CPU.Build.0 = Debug|Any CPU
		{083684F3-F753-49C9-9C00-D9154776C7A8}.Release|Any CPU.ActiveCfg = Release|Any CPU
		{083684F3-F753-49C9-9C00-D9154776C7A8}.Release|Any CPU.Build.0 = Release|Any CPU
		{A86D9A7B-3597-41A3-B079-3309139EB6DC}.Debug|Any CPU.ActiveCfg = Debug|Any CPU
		{A86D9A7B-3597-41A3-B079-3309139EB6DC}.Debug|Any CPU.Build.0 = Debug|Any CPU
		{A86D9A7B-3597-41A3-B079-3309139EB6DC}.Release|Any CPU.ActiveCfg = Release|Any CPU
		{A86D9A7B-3597-41A3-B079-3309139EB6DC}.Release|Any CPU.Build.0 = Release|Any CPU
	EndGlobalSection
	GlobalSection(SolutionProperties) = preSolution
		HideSolutionNode = FALSE
	EndGlobalSection
EndGlobal
